# This file was autogenerated by Stack.
# You should not edit this file by hand.
# For more information, please see the documentation at:
#   https://docs.haskellstack.org/en/stable/lock_files

packages:
- completed:
    hackage: hakyll-4.13.4.1@sha256:af3096c611bcb164143df2d9543e88f1eaabe76e8f0261423aff8382f10368c3,9212
    pantry-tree:
      size: 7842
      sha256: 2cf57f61b0eb6f30beb01f78a65078138bfee0e4a4d8b6630ac4ddd91c7de6db
  original:
    hackage: hakyll-4.13.4.1@sha256:af3096c611bcb164143df2d9543e88f1eaabe76e8f0261423aff8382f10368c3
- completed:
    hackage: pandoc-citeproc-0.17.0.2@sha256:39c5c60a5eca2c1cb50ae9a00dc7093ca1baac78ad5be4e222505de257dce456,8737
    pantry-tree:
      size: 25684
      sha256: 8a5f6398d750902d79c215a4c8f85c74f3e7ea572dd1f950d57e784669ac7a48
  original:
    hackage: pandoc-citeproc-0.17.0.2@sha256:39c5c60a5eca2c1cb50ae9a00dc7093ca1baac78ad5be4e222505de257dce456
snapshots:
- completed:
    size: 567677
    url: https://raw.githubusercontent.com/commercialhaskell/stackage-snapshots/master/lts/17/14.yaml
    sha256: 3740f22286bf5e6e3d82f88125e1c708b6e27847211f956b530aa5d83cf39383
  original: lts-17.14
