# This file was autogenerated by Stack.
# You should not edit this file by hand.
# For more information, please see the documentation at:
#   https://docs.haskellstack.org/en/stable/lock_files

packages: []
snapshots:
- completed:
    size: 521183
    url: https://raw.githubusercontent.com/commercialhaskell/stackage-snapshots/master/nightly/2020/5/6.yaml
    sha256: 8f91f3cd1ba1a7e0d478773969dc64236c76d8b0231e8ca3e0550f0593c15f57
  original: nightly-2020-05-06
